
Microsoft Visual Studio Solution File, Format Version 12.00
# Visual Studio 15
VisualStudioVersion = 15.0.28010.2026
MinimumVisualStudioVersion = 10.0.40219.1
Project("{9A19103F-16F7-4668-BE54-9A1E7A4F7556}") = "SalesforceLambda", "SalesforceLambda\SalesforceLambda.csproj", "{71463EC2-E07D-4D04-8355-E65B7EF98764}"
EndProject
Project("{FAE04EC0-301F-11D3-BF4B-00C04F79EFBC}") = "SalesforceLibrary", "SalesforceLibrary\SalesforceLibrary.csproj", "{E852FA91-3ED5-4199-B103-7D87D726FA40}"
EndProject
Project("{FAE04EC0-301F-11D3-BF4B-00C04F79EFBC}") = "SalesforceForm", "SalesforceForm\SalesforceForm.csproj", "{03CF0455-5699-4BB5-B06B-1452FC73920B}"
EndProject
Global
	GlobalSection(SolutionConfigurationPlatforms) = preSolution
		Debug|Any CPU = Debug|Any CPU
		Release|Any CPU = Release|Any CPU
	EndGlobalSection
	GlobalSection(ProjectConfigurationPlatforms) = postSolution
		{71463EC2-E07D-4D04-8355-E65B7EF98764}.Debug|Any CPU.ActiveCfg = Debug|Any CPU
		{71463EC2-E07D-4D04-8355-E65B7EF98764}.Debug|Any CPU.Build.0 = Debug|Any CPU
		{71463EC2-E07D-4D04-8355-E65B7EF98764}.Release|Any CPU.ActiveCfg = Release|Any CPU
		{71463EC2-E07D-4D04-8355-E65B7EF98764}.Release|Any CPU.Build.0 = Release|Any CPU
		{E852FA91-3ED5-4199-B103-7D87D726FA40}.Debug|Any CPU.ActiveCfg = Debug|Any CPU
		{E852FA91-3ED5-4199-B103-7D87D726FA40}.Debug|Any CPU.Build.0 = Debug|Any CPU
		{E852FA91-3ED5-4199-B103-7D87D726FA40}.Release|Any CPU.ActiveCfg = Release|Any CPU
		{E852FA91-3ED5-4199-B103-7D87D726FA40}.Release|Any CPU.Build.0 = Release|Any CPU
		{03CF0455-5699-4BB5-B06B-1452FC73920B}.Debug|Any CPU.ActiveCfg = Debug|Any CPU
		{03CF0455-5699-4BB5-B06B-1452FC73920B}.Debug|Any CPU.Build.0 = Debug|Any CPU
		{03CF0455-5699-4BB5-B06B-1452FC73920B}.Release|Any CPU.ActiveCfg = Release|Any CPU
		{03CF0455-5699-4BB5-B06B-1452FC73920B}.Release|Any CPU.Build.0 = Release|Any CPU
	EndGlobalSection
	GlobalSection(SolutionProperties) = preSolution
		HideSolutionNode = FALSE
	EndGlobalSection
	GlobalSection(ExtensibilityGlobals) = postSolution
		SolutionGuid = {6122310A-7FFE-4ED6-8620-FD2230B4654D}
	EndGlobalSection
EndGlobal
